Microsoft Visual Studio Solution File, Format Version 12.00
# Visual Studio Version 17
VisualStudioVersion = 17.2.32505.173
MinimumVisualStudioVersion = 10.0.40219.1
Project("{2150E333-8FDC-42A3-9474-1A3956D46DE8}") = "1. src", "1. src", "{19A10C52-242D-4B86-8C6C-F6628BBD68C2}"
EndProject
Project("{2150E333-8FDC-42A3-9474-1A3956D46DE8}") = "2. test", "2. test", "{BBE2BB41-AE8E-4A06-AD72-0ABECE5DC1D0}"
EndProject
Project("{2150E333-8FDC-42A3-9474-1A3956D46DE8}") = "3. examples", "3. examples", "{5A4BA6B9-305F-4E0D-A11A-35AE005C678A}"
EndProject
Project("{2150E333-8FDC-42A3-9474-1A3956D46DE8}") = "Solution Items", "Solution Items", "{8674D19F-5BF3-4D17-90B9-AB3226A8E12A}"
	ProjectSection(SolutionItems) = preProject
		.editorconfig = .editorconfig
		.gitattributes = .gitattributes
		.gitignore = .gitignore
		appveyor.yml = appveyor.yml
		CHANGELOG.md = CHANGELOG.md
		CONTRIBUTING.md = CONTRIBUTING.md
		LICENSE = LICENSE
		README.md = README.md
		REST API coverage.xlsx = REST API coverage.xlsx
	EndProjectSection
EndProject
Project("{9A19103F-16F7-4668-BE54-9A1E7A4F7556}") = "authenticate", "examples\authenticate\authenticate.csproj", "{74FFC42D-76D4-48F8-805D-80F134423194}"
EndProject
Project("{9A19103F-16F7-4668-BE54-9A1E7A4F7556}") = "submit", "examples\submit\submit.csproj", "{A585A939-E070-455D-9A99-A68618B54E1F}"
EndProject
Project("{9A19103F-16F7-4668-BE54-9A1E7A4F7556}") = "list_apps", "examples\list_apps\list_apps.csproj", "{4D090E62-8E8F-45F8-9382-97AFE56578AB}"
EndProject
Project("{9A19103F-16F7-4668-BE54-9A1E7A4F7556}") = "random-numbers", "examples\random-numbers\random-numbers.csproj", "{92ED069A-80B3-468A-BDA8-510F84907EB2}"
EndProject
Project("{9A19103F-16F7-4668-BE54-9A1E7A4F7556}") = "saved-searches", "examples\saved-searches\saved-searches.csproj", "{DC60AAA9-0A1B-48CF-A253-08711F477CB6}"
EndProject
Project("{9A19103F-16F7-4668-BE54-9A1E7A4F7556}") = "search", "examples\normal-search\search.csproj", "{C9314719-623E-44F6-AB7E-9D2512D63941}"
EndProject
Project("{9A19103F-16F7-4668-BE54-9A1E7A4F7556}") = "search-oneshot", "examples\search\search-oneshot.csproj", "{F3692BB4-E692-4ED8-B999-FB7FBCF3126F}"
EndProject
Project("{9A19103F-16F7-4668-BE54-9A1E7A4F7556}") = "search-export", "examples\search-export\search-export.csproj", "{907193BC-937D-4353-93FC-53F8B7AF0092}"
EndProject
Project("{9A19103F-16F7-4668-BE54-9A1E7A4F7556}") = "search-realtime", "examples\search-realtime\search-realtime.csproj", "{D10A0063-A2DA-4F41-B54F-EE6E7FC57C41}"
EndProject
Project("{9A19103F-16F7-4668-BE54-9A1E7A4F7556}") = "mock-context", "examples\mock-context\mock-context.csproj", "{58A036C5-1219-4D2E-9EB8-A2C247832831}"
EndProject
Project("{9A19103F-16F7-4668-BE54-9A1E7A4F7556}") = "mock-interface", "examples\mock-interface\mock-interface.csproj", "{F102F57B-D988-4B0A-82CF-F9420F0DFE39}"
EndProject
Project("{9A19103F-16F7-4668-BE54-9A1E7A4F7556}") = "mock-object", "examples\mock-object\mock-object.csproj", "{8992B3EF-E2E6-4E5D-B488-986F2A5FE713}"
EndProject
Project("{9A19103F-16F7-4668-BE54-9A1E7A4F7556}") = "environment_variable_monitor", "examples\environment_variable_monitor\environment_variable_monitor.csproj", "{97C3A57B-8ED8-42A7-9FB3-8120BA265FCC}"
EndProject
Project("{2150E333-8FDC-42A3-9474-1A3956D46DE8}") = "Modular_input", "Modular_input", "{AE98AECD-D551-4DF7-84FA-A6C76B930639}"
EndProject
Project("{9A19103F-16F7-4668-BE54-9A1E7A4F7556}") = "github-commits", "examples\github-commits\github-commits.csproj", "{35B8F1F4-E7F6-4988-8737-5290BF787199}"
EndProject
Project("{9A19103F-16F7-4668-BE54-9A1E7A4F7556}") = "get-splunk-data-inputs", "examples\Get-SplunkDataInput\get-splunk-data-inputs.csproj", "{443CB5CF-1086-40E3-B60C-6B35D7DFCF90}"
EndProject
Project("{9A19103F-16F7-4668-BE54-9A1E7A4F7556}") = "search-response-message-stream", "examples\search-response-message-stream\search-response-message-stream.csproj", "{6BE565DA-A2C6-4ADD-AC8D-F53D4CBD0F5E}"
EndProject
Project("{9A19103F-16F7-4668-BE54-9A1E7A4F7556}") = "Splunk.Client", "src\Splunk.Client\Splunk.Client.csproj", "{13787315-E83E-4B89-9C3A-3FFEB85ACBBB}"
EndProject
Project("{9A19103F-16F7-4668-BE54-9A1E7A4F7556}") = "Splunk.Client.Helper", "src\Splunk.Client.Helper\Splunk.Client.Helper.csproj", "{150C1251-1B87-465F-B9B3-185AA61451CE}"
EndProject
Project("{9A19103F-16F7-4668-BE54-9A1E7A4F7556}") = "Splunk.ModularInputs", "src\Splunk.ModularInputs\Splunk.ModularInputs.csproj", "{DEE0639D-F4B4-4DC8-97B0-B9C2801F0335}"
EndProject
Project("{FAE04EC0-301F-11D3-BF4B-00C04F79EFBC}") = "Splunk.Client.AcceptanceTests", "test\acceptance-tests\Splunk.Client.AcceptanceTests.csproj", "{D8D2EE88-8578-4D90-8475-F7BDE148961E}"
EndProject
Project("{FAE04EC0-301F-11D3-BF4B-00C04F79EFBC}") = "Splunk.Client.UnitTests", "test\unit-tests\Splunk.Client.UnitTests.csproj", "{D5ACB91F-1764-4880-9945-CC9EE56F6724}"
EndProject
Global
	GlobalSection(SolutionConfigurationPlatforms) = preSolution
		Debug|Any CPU = Debug|Any CPU
		Release|Any CPU = Release|Any CPU
	EndGlobalSection
	GlobalSection(ProjectConfigurationPlatforms) = postSolution
		{74FFC42D-76D4-48F8-805D-80F134423194}.Debug|Any CPU.ActiveCfg = Debug|Any CPU
		{74FFC42D-76D4-48F8-805D-80F134423194}.Debug|Any CPU.Build.0 = Debug|Any CPU
		{74FFC42D-76D4-48F8-805D-80F134423194}.Release|Any CPU.ActiveCfg = Release|Any CPU
		{74FFC42D-76D4-48F8-805D-80F134423194}.Release|Any CPU.Build.0 = Release|Any CPU
		{A585A939-E070-455D-9A99-A68618B54E1F}.Debug|Any CPU.ActiveCfg = Debug|Any CPU
		{A585A939-E070-455D-9A99-A68618B54E1F}.Debug|Any CPU.Build.0 = Debug|Any CPU
		{A585A939-E070-455D-9A99-A68618B54E1F}.Release|Any CPU.ActiveCfg = Release|Any CPU
		{A585A939-E070-455D-9A99-A68618B54E1F}.Release|Any CPU.Build.0 = Release|Any CPU
		{4D090E62-8E8F-45F8-9382-97AFE56578AB}.Debug|Any CPU.ActiveCfg = Debug|Any CPU
		{4D090E62-8E8F-45F8-9382-97AFE56578AB}.Debug|Any CPU.Build.0 = Debug|Any CPU
		{4D090E62-8E8F-45F8-9382-97AFE56578AB}.Release|Any CPU.ActiveCfg = Release|Any CPU
		{4D090E62-8E8F-45F8-9382-97AFE56578AB}.Release|Any CPU.Build.0 = Release|Any CPU
		{92ED069A-80B3-468A-BDA8-510F84907EB2}.Debug|Any CPU.ActiveCfg = Debug|Any CPU
		{92ED069A-80B3-468A-BDA8-510F84907EB2}.Debug|Any CPU.Build.0 = Debug|Any CPU
		{92ED069A-80B3-468A-BDA8-510F84907EB2}.Release|Any CPU.ActiveCfg = Release|Any CPU
		{92ED069A-80B3-468A-BDA8-510F84907EB2}.Release|Any CPU.Build.0 = Release|Any CPU
		{DC60AAA9-0A1B-48CF-A253-08711F477CB6}.Debug|Any CPU.ActiveCfg = Debug|Any CPU
		{DC60AAA9-0A1B-48CF-A253-08711F477CB6}.Debug|Any CPU.Build.0 = Debug|Any CPU
		{DC60AAA9-0A1B-48CF-A253-08711F477CB6}.Release|Any CPU.ActiveCfg = Release|Any CPU
		{DC60AAA9-0A1B-48CF-A253-08711F477CB6}.Release|Any CPU.Build.0 = Release|Any CPU
		{C9314719-623E-44F6-AB7E-9D2512D63941}.Debug|Any CPU.ActiveCfg = Debug|Any CPU
		{C9314719-623E-44F6-AB7E-9D2512D63941}.Debug|Any CPU.Build.0 = Debug|Any CPU
		{C9314719-623E-44F6-AB7E-9D2512D63941}.Release|Any CPU.ActiveCfg = Release|Any CPU
		{C9314719-623E-44F6-AB7E-9D2512D63941}.Release|Any CPU.Build.0 = Release|Any CPU
		{F3692BB4-E692-4ED8-B999-FB7FBCF3126F}.Debug|Any CPU.ActiveCfg = Debug|Any CPU
		{F3692BB4-E692-4ED8-B999-FB7FBCF3126F}.Debug|Any CPU.Build.0 = Debug|Any CPU
		{F3692BB4-E692-4ED8-B999-FB7FBCF3126F}.Release|Any CPU.ActiveCfg = Release|Any CPU
		{F3692BB4-E692-4ED8-B999-FB7FBCF3126F}.Release|Any CPU.Build.0 = Release|Any CPU
		{907193BC-937D-4353-93FC-53F8B7AF0092}.Debug|Any CPU.ActiveCfg = Debug|Any CPU
		{907193BC-937D-4353-93FC-53F8B7AF0092}.Debug|Any CPU.Build.0 = Debug|Any CPU
		{907193BC-937D-4353-93FC-53F8B7AF0092}.Release|Any CPU.ActiveCfg = Release|Any CPU
		{907193BC-937D-4353-93FC-53F8B7AF0092}.Release|Any CPU.Build.0 = Release|Any CPU
		{D10A0063-A2DA-4F41-B54F-EE6E7FC57C41}.Debug|Any CPU.ActiveCfg = Debug|Any CPU
		{D10A0063-A2DA-4F41-B54F-EE6E7FC57C41}.Debug|Any CPU.Build.0 = Debug|Any CPU
		{D10A0063-A2DA-4F41-B54F-EE6E7FC57C41}.Release|Any CPU.ActiveCfg = Release|Any CPU
		{D10A0063-A2DA-4F41-B54F-EE6E7FC57C41}.Release|Any CPU.Build.0 = Release|Any CPU
		{58A036C5-1219-4D2E-9EB8-A2C247832831}.Debug|Any CPU.ActiveCfg = Debug|Any CPU
		{58A036C5-1219-4D2E-9EB8-A2C247832831}.Debug|Any CPU.Build.0 = Debug|Any CPU
		{58A036C5-1219-4D2E-9EB8-A2C247832831}.Release|Any CPU.ActiveCfg = Release|Any CPU
		{58A036C5-1219-4D2E-9EB8-A2C247832831}.Release|Any CPU.Build.0 = Release|Any CPU
		{F102F57B-D988-4B0A-82CF-F9420F0DFE39}.Debug|Any CPU.ActiveCfg = Debug|Any CPU
		{F102F57B-D988-4B0A-82CF-F9420F0DFE39}.Debug|Any CPU.Build.0 = Debug|Any CPU
		{F102F57B-D988-4B0A-82CF-F9420F0DFE39}.Release|Any CPU.ActiveCfg = Release|Any CPU
		{F102F57B-D988-4B0A-82CF-F9420F0DFE39}.Release|Any CPU.Build.0 = Release|Any CPU
		{8992B3EF-E2E6-4E5D-B488-986F2A5FE713}.Debug|Any CPU.ActiveCfg = Debug|Any CPU
		{8992B3EF-E2E6-4E5D-B488-986F2A5FE713}.Debug|Any CPU.Build.0 = Debug|Any CPU
		{8992B3EF-E2E6-4E5D-B488-986F2A5FE713}.Release|Any CPU.ActiveCfg = Release|Any CPU
		{8992B3EF-E2E6-4E5D-B488-986F2A5FE713}.Release|Any CPU.Build.0 = Release|Any CPU
		{97C3A57B-8ED8-42A7-9FB3-8120BA265FCC}.Debug|Any CPU.ActiveCfg = Debug|Any CPU
		{97C3A57B-8ED8-42A7-9FB3-8120BA265FCC}.Debug|Any CPU.Build.0 = Debug|Any CPU
		{97C3A57B-8ED8-42A7-9FB3-8120BA265FCC}.Release|Any CPU.ActiveCfg = Release|Any CPU
		{97C3A57B-8ED8-42A7-9FB3-8120BA265FCC}.Release|Any CPU.Build.0 = Release|Any CPU
		{35B8F1F4-E7F6-4988-8737-5290BF787199}.Debug|Any CPU.ActiveCfg = Debug|Any CPU
		{35B8F1F4-E7F6-4988-8737-5290BF787199}.Debug|Any CPU.Build.0 = Debug|Any CPU
		{35B8F1F4-E7F6-4988-8737-5290BF787199}.Release|Any CPU.ActiveCfg = Release|Any CPU
		{35B8F1F4-E7F6-4988-8737-5290BF787199}.Release|Any CPU.Build.0 = Release|Any CPU
		{443CB5CF-1086-40E3-B60C-6B35D7DFCF90}.Debug|Any CPU.ActiveCfg = Debug|Any CPU
		{443CB5CF-1086-40E3-B60C-6B35D7DFCF90}.Debug|Any CPU.Build.0 = Debug|Any CPU
		{443CB5CF-1086-40E3-B60C-6B35D7DFCF90}.Release|Any CPU.ActiveCfg = Release|Any CPU
		{443CB5CF-1086-40E3-B60C-6B35D7DFCF90}.Release|Any CPU.Build.0 = Release|Any CPU
		{6BE565DA-A2C6-4ADD-AC8D-F53D4CBD0F5E}.Debug|Any CPU.ActiveCfg = Debug|Any CPU
		{6BE565DA-A2C6-4ADD-AC8D-F53D4CBD0F5E}.Debug|Any CPU.Build.0 = Debug|Any CPU
		{6BE565DA-A2C6-4ADD-AC8D-F53D4CBD0F5E}.Release|Any CPU.ActiveCfg = Release|Any CPU
		{6BE565DA-A2C6-4ADD-AC8D-F53D4CBD0F5E}.Release|Any CPU.Build.0 = Release|Any CPU
		{13787315-E83E-4B89-9C3A-3FFEB85ACBBB}.Debug|Any CPU.ActiveCfg = Debug|Any CPU
		{13787315-E83E-4B89-9C3A-3FFEB85ACBBB}.Debug|Any CPU.Build.0 = Debug|Any CPU
		{13787315-E83E-4B89-9C3A-3FFEB85ACBBB}.Release|Any CPU.ActiveCfg = Release|Any CPU
		{13787315-E83E-4B89-9C3A-3FFEB85ACBBB}.Release|Any CPU.Build.0 = Release|Any CPU
		{150C1251-1B87-465F-B9B3-185AA61451CE}.Debug|Any CPU.ActiveCfg = Debug|Any CPU
		{150C1251-1B87-465F-B9B3-185AA61451CE}.Debug|Any CPU.Build.0 = Debug|Any CPU
		{150C1251-1B87-465F-B9B3-185AA61451CE}.Release|Any CPU.ActiveCfg = Release|Any CPU
		{150C1251-1B87-465F-B9B3-185AA61451CE}.Release|Any CPU.Build.0 = Release|Any CPU
		{DEE0639D-F4B4-4DC8-97B0-B9C2801F0335}.Debug|Any CPU.ActiveCfg = Debug|Any CPU
		{DEE0639D-F4B4-4DC8-97B0-B9C2801F0335}.Debug|Any CPU.Build.0 = Debug|Any CPU
		{DEE0639D-F4B4-4DC8-97B0-B9C2801F0335}.Release|Any CPU.ActiveCfg = Release|Any CPU
		{DEE0639D-F4B4-4DC8-97B0-B9C2801F0335}.Release|Any CPU.Build.0 = Release|Any CPU
		{D8D2EE88-8578-4D90-8475-F7BDE148961E}.Debug|Any CPU.ActiveCfg = Debug|Any CPU
		{D8D2EE88-8578-4D90-8475-F7BDE148961E}.Debug|Any CPU.Build.0 = Debug|Any CPU
		{D8D2EE88-8578-4D90-8475-F7BDE148961E}.Release|Any CPU.ActiveCfg = Release|Any CPU
		{D8D2EE88-8578-4D90-8475-F7BDE148961E}.Release|Any CPU.Build.0 = Release|Any CPU
		{D5ACB91F-1764-4880-9945-CC9EE56F6724}.Debug|Any CPU.ActiveCfg = Debug|Any CPU
		{D5ACB91F-1764-4880-9945-CC9EE56F6724}.Debug|Any CPU.Build.0 = Debug|Any CPU
		{D5ACB91F-1764-4880-9945-CC9EE56F6724}.Release|Any CPU.ActiveCfg = Release|Any CPU
		{D5ACB91F-1764-4880-9945-CC9EE56F6724}.Release|Any CPU.Build.0 = Release|Any CPU
	EndGlobalSection
	GlobalSection(SolutionProperties) = preSolution
		HideSolutionNode = FALSE
	EndGlobalSection
	GlobalSection(NestedProjects) = preSolution
		{74FFC42D-76D4-48F8-805D-80F134423194} = {5A4BA6B9-305F-4E0D-A11A-35AE005C678A}
		{A585A939-E070-455D-9A99-A68618B54E1F} = {5A4BA6B9-305F-4E0D-A11A-35AE005C678A}
		{4D090E62-8E8F-45F8-9382-97AFE56578AB} = {5A4BA6B9-305F-4E0D-A11A-35AE005C678A}
		{92ED069A-80B3-468A-BDA8-510F84907EB2} = {AE98AECD-D551-4DF7-84FA-A6C76B930639}
		{DC60AAA9-0A1B-48CF-A253-08711F477CB6} = {5A4BA6B9-305F-4E0D-A11A-35AE005C678A}
		{C9314719-623E-44F6-AB7E-9D2512D63941} = {5A4BA6B9-305F-4E0D-A11A-35AE005C678A}
		{F3692BB4-E692-4ED8-B999-FB7FBCF3126F} = {5A4BA6B9-305F-4E0D-A11A-35AE005C678A}
		{907193BC-937D-4353-93FC-53F8B7AF0092} = {5A4BA6B9-305F-4E0D-A11A-35AE005C678A}
		{D10A0063-A2DA-4F41-B54F-EE6E7FC57C41} = {5A4BA6B9-305F-4E0D-A11A-35AE005C678A}
		{58A036C5-1219-4D2E-9EB8-A2C247832831} = {5A4BA6B9-305F-4E0D-A11A-35AE005C678A}
		{F102F57B-D988-4B0A-82CF-F9420F0DFE39} = {5A4BA6B9-305F-4E0D-A11A-35AE005C678A}
		{8992B3EF-E2E6-4E5D-B488-986F2A5FE713} = {5A4BA6B9-305F-4E0D-A11A-35AE005C678A}
		{97C3A57B-8ED8-42A7-9FB3-8120BA265FCC} = {5A4BA6B9-305F-4E0D-A11A-35AE005C678A}
		{35B8F1F4-E7F6-4988-8737-5290BF787199} = {AE98AECD-D551-4DF7-84FA-A6C76B930639}
		{443CB5CF-1086-40E3-B60C-6B35D7DFCF90} = {5A4BA6B9-305F-4E0D-A11A-35AE005C678A}
		{6BE565DA-A2C6-4ADD-AC8D-F53D4CBD0F5E} = {5A4BA6B9-305F-4E0D-A11A-35AE005C678A}
		{13787315-E83E-4B89-9C3A-3FFEB85ACBBB} = {19A10C52-242D-4B86-8C6C-F6628BBD68C2}
		{150C1251-1B87-465F-B9B3-185AA61451CE} = {19A10C52-242D-4B86-8C6C-F6628BBD68C2}
		{DEE0639D-F4B4-4DC8-97B0-B9C2801F0335} = {19A10C52-242D-4B86-8C6C-F6628BBD68C2}
		{D8D2EE88-8578-4D90-8475-F7BDE148961E} = {BBE2BB41-AE8E-4A06-AD72-0ABECE5DC1D0}
		{D5ACB91F-1764-4880-9945-CC9EE56F6724} = {BBE2BB41-AE8E-4A06-AD72-0ABECE5DC1D0}
	EndGlobalSection
	GlobalSection(ExtensibilityGlobals) = postSolution
		SolutionGuid = {CE66889F-DC5E-48A8-BF51-14D0AAEA5EE1}
	EndGlobalSection
EndGlobal
